
Microsoft Visual Studio Solution File, Format Version 12.00
# Visual Studio Version 16
VisualStudioVersion = 16.0.29806.167
MinimumVisualStudioVersion = 10.0.40219.1
Project("{FAE04EC0-301F-11D3-BF4B-00C04F79EFBC}") = "HookManager", "HookManager\HookManager.csproj", "{05506D9E-BAFD-49CD-88D8-5F709E8C7E45}"
EndProject
Project("{FAE04EC0-301F-11D3-BF4B-00C04F79EFBC}") = "HookManagerSample", "HookManagerSample\HookManagerSample.csproj", "{71E81AF8-0A60-4CF1-B3EE-39D13BD58278}"
EndProject
Global
	GlobalSection(SolutionConfigurationPlatforms) = preSolution
		Debug|Any CPU = Debug|Any CPU
		Debug|x64 = Debug|x64
		Debug|x86 = Debug|x86
		Release|Any CPU = Release|Any CPU
		Release|x64 = Release|x64
		Release|x86 = Release|x86
	EndGlobalSection
	GlobalSection(ProjectConfigurationPlatforms) = postSolution
		{05506D9E-BAFD-49CD-88D8-5F709E8C7E45}.Debug|Any CPU.ActiveCfg = Debug|Any CPU
		{05506D9E-BAFD-49CD-88D8-5F709E8C7E45}.Debug|Any CPU.Build.0 = Debug|Any CPU
		{05506D9E-BAFD-49CD-88D8-5F709E8C7E45}.Debug|x64.ActiveCfg = Debug|x64
		{05506D9E-BAFD-49CD-88D8-5F709E8C7E45}.Debug|x64.Build.0 = Debug|x64
		{05506D9E-BAFD-49CD-88D8-5F709E8C7E45}.Debug|x86.ActiveCfg = Debug|x86
		{05506D9E-BAFD-49CD-88D8-5F709E8C7E45}.Debug|x86.Build.0 = Debug|x86
		{05506D9E-BAFD-49CD-88D8-5F709E8C7E45}.Release|Any CPU.ActiveCfg = Release|Any CPU
		{05506D9E-BAFD-49CD-88D8-5F709E8C7E45}.Release|Any CPU.Build.0 = Release|Any CPU
		{05506D9E-BAFD-49CD-88D8-5F709E8C7E45}.Release|x64.ActiveCfg = Release|x64
		{05506D9E-BAFD-49CD-88D8-5F709E8C7E45}.Release|x64.Build.0 = Release|x64
		{05506D9E-BAFD-49CD-88D8-5F709E8C7E45}.Release|x86.ActiveCfg = Release|x86
		{05506D9E-BAFD-49CD-88D8-5F709E8C7E45}.Release|x86.Build.0 = Release|x86
		{71E81AF8-0A60-4CF1-B3EE-39D13BD58278}.Debug|Any CPU.ActiveCfg = Debug|Any CPU
		{71E81AF8-0A60-4CF1-B3EE-39D13BD58278}.Debug|Any CPU.Build.0 = Debug|Any CPU
		{71E81AF8-0A60-4CF1-B3EE-39D13BD58278}.Debug|x64.ActiveCfg = Debug|x64
		{71E81AF8-0A60-4CF1-B3EE-39D13BD58278}.Debug|x64.Build.0 = Debug|x64
		{71E81AF8-0A60-4CF1-B3EE-39D13BD58278}.Debug|x86.ActiveCfg = Debug|x86
		{71E81AF8-0A60-4CF1-B3EE-39D13BD58278}.Debug|x86.Build.0 = Debug|x86
		{71E81AF8-0A60-4CF1-B3EE-39D13BD58278}.Release|Any CPU.ActiveCfg = Release|Any CPU
		{71E81AF8-0A60-4CF1-B3EE-39D13BD58278}.Release|Any CPU.Build.0 = Release|Any CPU
		{71E81AF8-0A60-4CF1-B3EE-39D13BD58278}.Release|x64.ActiveCfg = Release|x64
		{71E81AF8-0A60-4CF1-B3EE-39D13BD58278}.Release|x64.Build.0 = Release|x64
		{71E81AF8-0A60-4CF1-B3EE-39D13BD58278}.Release|x86.ActiveCfg = Release|x86
		{71E81AF8-0A60-4CF1-B3EE-39D13BD58278}.Release|x86.Build.0 = Release|x86
	EndGlobalSection
	GlobalSection(SolutionProperties) = preSolution
		HideSolutionNode = FALSE
	EndGlobalSection
	GlobalSection(ExtensibilityGlobals) = postSolution
		SolutionGuid = {48DF43FB-3BFF-4FC2-BCF4-6F6D14F85B14}
	EndGlobalSection
EndGlobal
